{
  "nodes": {
    "nixpkgs": {
      "locked": {
        "lastModified": 1701156937,
        "narHash": "sha256-jpMJOFvOTejx211D8z/gz0ErRtQPy6RXxgD2ZB86mso=",
        "owner": "NixOS",
        "repo": "nixpkgs",
        "rev": "7c4c20509c4363195841faa6c911777a134acdf3",
        "type": "github"
      },
      "original": {
        "owner": "NixOS",
        "ref": "nixos-23.11",
        "repo": "nixpkgs",
        "type": "github"
      }
    },
    "root": {
      "inputs": {
        "nixpkgs": "nixpkgs",
        "rpki-client-src": "rpki-client-src",
        "rpki-openbsd-src": "rpki-openbsd-src",
        "utils": "utils"
      }
    },
    "rpki-client-src": {
      "flake": false,
      "locked": {
        "lastModified": 1726775911,
        "narHash": "sha256-pyyBVLamtwUQnGzULrOoRgI92fnJPVuyGZhwG6N52q0=",
        "owner": "rpki-client",
        "repo": "rpki-client-portable",
        "rev": "12c58dcd8f61d18567fda0689ba64cb4b8c70a2d",
        "type": "github"
      },
      "original": {
        "owner": "rpki-client",
        "repo": "rpki-client-portable",
        "rev": "12c58dcd8f61d18567fda0689ba64cb4b8c70a2d",
        "type": "github"
      }
    },
    "rpki-openbsd-src": {
      "flake": false,
      "locked": {
        "lastModified": 1726753507,
        "narHash": "sha256-MU/lO3Pa7aOs8xqB24cwlPfd4B2/aR8/BewEiqS/WVY=",
        "owner": "rpki-client",
        "repo": "rpki-client-openbsd",
        "rev": "dfa32b728c451dab0c97c854fbe23bc7b9be25ad",
        "type": "github"
      },
      "original": {
        "owner": "rpki-client",
        "repo": "rpki-client-openbsd",
        "rev": "dfa32b728c451dab0c97c854fbe23bc7b9be25ad",
        "type": "github"
      }
    },
    "systems": {
      "locked": {
        "lastModified": 1681028828,
        "narHash": "sha256-Vy1rq5AaRuLzOxct8nz4T6wlgyUR7zLU309k9mBC768=",
        "owner": "nix-systems",
        "repo": "default",
        "rev": "da67096a3b9bf56a91d16901293e51ba5b49a27e",
        "type": "github"
      },
      "original": {
        "owner": "nix-systems",
        "repo": "default",
        "type": "github"
      }
    },
    "utils": {
      "inputs": {
        "systems": "systems"
      },
      "locked": {
        "lastModified": 1694529238,
        "narHash": "sha256-zsNZZGTGnMOf9YpHKJqMSsa0dXbfmxeoJ7xHlrt+xmY=",
        "owner": "numtide",
        "repo": "flake-utils",
        "rev": "ff7b65b44d01cf9ba6a71320833626af21126384",
        "type": "github"
      },
      "original": {
        "owner": "numtide",
        "repo": "flake-utils",
        "type": "github"
      }
    }
  },
  "root": "root",
  "version": 7
}
